
Microsoft Visual Studio Solution File, Format Version 12.00
# Visual Studio Version 16
Project("{8BC9CEB8-8B4A-11D0-8D11-00A0C91BC942}") = "AsciiTerra_Client", "AsciiTerra_Client\AsciiTerra_Client.vcxproj", "{AA57E24F-166E-E0E5-5FE5-6B07CB3AB16D}"
EndProject
Project("{8BC9CEB8-8B4A-11D0-8D11-00A0C91BC942}") = "AsciiTerra_Server", "AsciiTerra_Server\AsciiTerra_Server.vcxproj", "{C26CBB74-2E83-B90A-77FA-442CE34F8A92}"
EndProject
Project("{8BC9CEB8-8B4A-11D0-8D11-00A0C91BC942}") = "SpNetCommon", "SpNetCommon\SpNetCommon.vcxproj", "{B8E2BE26-2498-371C-AD8C-31F319412E20}"
EndProject
Global
	GlobalSection(SolutionConfigurationPlatforms) = preSolution
		Debug|x64 = Debug|x64
		Release|x64 = Release|x64
	EndGlobalSection
	GlobalSection(ProjectConfigurationPlatforms) = postSolution
		{AA57E24F-166E-E0E5-5FE5-6B07CB3AB16D}.Debug|x64.ActiveCfg = Debug|x64
		{AA57E24F-166E-E0E5-5FE5-6B07CB3AB16D}.Debug|x64.Build.0 = Debug|x64
		{AA57E24F-166E-E0E5-5FE5-6B07CB3AB16D}.Release|x64.ActiveCfg = Release|x64
		{AA57E24F-166E-E0E5-5FE5-6B07CB3AB16D}.Release|x64.Build.0 = Release|x64
		{C26CBB74-2E83-B90A-77FA-442CE34F8A92}.Debug|x64.ActiveCfg = Debug|x64
		{C26CBB74-2E83-B90A-77FA-442CE34F8A92}.Debug|x64.Build.0 = Debug|x64
		{C26CBB74-2E83-B90A-77FA-442CE34F8A92}.Release|x64.ActiveCfg = Release|x64
		{C26CBB74-2E83-B90A-77FA-442CE34F8A92}.Release|x64.Build.0 = Release|x64
		{B8E2BE26-2498-371C-AD8C-31F319412E20}.Debug|x64.ActiveCfg = Debug|x64
		{B8E2BE26-2498-371C-AD8C-31F319412E20}.Debug|x64.Build.0 = Debug|x64
		{B8E2BE26-2498-371C-AD8C-31F319412E20}.Release|x64.ActiveCfg = Release|x64
		{B8E2BE26-2498-371C-AD8C-31F319412E20}.Release|x64.Build.0 = Release|x64
	EndGlobalSection
	GlobalSection(SolutionProperties) = preSolution
		HideSolutionNode = FALSE
	EndGlobalSection
EndGlobal
