<?xml version="1.0" encoding="utf-8"?>
<Project ToolsVersion="4.0" xmlns="http://schemas.microsoft.com/developer/msbuild/2003">
  <ItemGroup>
    <Filter Include="Containers">
      <UniqueIdentifier>{DB5A0216-C712-4463-301A-1DBF1CF1DE53}</UniqueIdentifier>
    </Filter>
    <Filter Include="Utils">
      <UniqueIdentifier>{F68B420E-62A0-6ABF-2B22-0E1F97F566F0}</UniqueIdentifier>
    </Filter>
  </ItemGroup>
  <ItemGroup>
    <ClInclude Include="src\Containers\DynamirArray.h">
      <Filter>Containers</Filter>
    </ClInclude>
    <ClInclude Include="src\Containers\StaticArray.h">
      <Filter>Containers</Filter>
    </ClInclude>
    <ClInclude Include="src\Timer.h" />
    <ClInclude Include="src\Utils\Memory.h">
      <Filter>Utils</Filter>
    </ClInclude>
    <ClInclude Include="src\spNetCommon.h" />
    <ClInclude Include="src\spNetMETA.h" />
    <ClInclude Include="src\spNetMath.h" />
    <ClInclude Include="src\spNetMessage.h" />
    <ClInclude Include="src\spThreadSafeQueue.h" />
    <ClInclude Include="src\spiderNet.h" />
  </ItemGroup>
  <ItemGroup>
    <ClCompile Include="src\spiderNet.cpp" />
  </ItemGroup>
</Project>